
Microsoft Visual Studio Solution File, Format Version 12.00
# Visual Studio Version 17
VisualStudioVersion = 17.8.34330.188
MinimumVisualStudioVersion = 10.0.40219.1
Project("{FAE04EC0-301F-11D3-BF4B-00C04F79EFBC}") = "MS.Api", "MS.Api\MS.Api.csproj", "{3CF9A472-5FBE-4290-B356-D40E772F0FB7}"
EndProject
Project("{FAE04EC0-301F-11D3-BF4B-00C04F79EFBC}") = "MS.Core", "MS.Core\MS.Core.csproj", "{4C86C98D-953B-435D-8C2A-5BCBAE1431D3}"
EndProject
Project("{FAE04EC0-301F-11D3-BF4B-00C04F79EFBC}") = "MS.Infrastructure", "MS.Infrastructure\MS.Infrastructure.csproj", "{81E13A60-B6FB-408C-B2F3-E72809449445}"
EndProject
Project("{2150E333-8FDC-42A3-9474-1A3956D46DE8}") = "Solution Files", "Solution Files", "{1515E94A-0A85-4AA6-A0C4-BD1F075BED4D}"
	ProjectSection(SolutionItems) = preProject
		docker-compose.yml = docker-compose.yml
	EndProjectSection
EndProject
Project("{2150E333-8FDC-42A3-9474-1A3956D46DE8}") = "Source Code", "Source Code", "{ED527009-D8DC-4194-9F96-3D3589D46BDE}"
EndProject
Global
	GlobalSection(SolutionConfigurationPlatforms) = preSolution
		Debug|Any CPU = Debug|Any CPU
		Release|Any CPU = Release|Any CPU
	EndGlobalSection
	GlobalSection(ProjectConfigurationPlatforms) = postSolution
		{3CF9A472-5FBE-4290-B356-D40E772F0FB7}.Debug|Any CPU.ActiveCfg = Debug|Any CPU
		{3CF9A472-5FBE-4290-B356-D40E772F0FB7}.Debug|Any CPU.Build.0 = Debug|Any CPU
		{3CF9A472-5FBE-4290-B356-D40E772F0FB7}.Release|Any CPU.ActiveCfg = Release|Any CPU
		{3CF9A472-5FBE-4290-B356-D40E772F0FB7}.Release|Any CPU.Build.0 = Release|Any CPU
		{4C86C98D-953B-435D-8C2A-5BCBAE1431D3}.Debug|Any CPU.ActiveCfg = Debug|Any CPU
		{4C86C98D-953B-435D-8C2A-5BCBAE1431D3}.Debug|Any CPU.Build.0 = Debug|Any CPU
		{4C86C98D-953B-435D-8C2A-5BCBAE1431D3}.Release|Any CPU.ActiveCfg = Release|Any CPU
		{4C86C98D-953B-435D-8C2A-5BCBAE1431D3}.Release|Any CPU.Build.0 = Release|Any CPU
		{81E13A60-B6FB-408C-B2F3-E72809449445}.Debug|Any CPU.ActiveCfg = Debug|Any CPU
		{81E13A60-B6FB-408C-B2F3-E72809449445}.Debug|Any CPU.Build.0 = Debug|Any CPU
		{81E13A60-B6FB-408C-B2F3-E72809449445}.Release|Any CPU.ActiveCfg = Release|Any CPU
		{81E13A60-B6FB-408C-B2F3-E72809449445}.Release|Any CPU.Build.0 = Release|Any CPU
	EndGlobalSection
	GlobalSection(SolutionProperties) = preSolution
		HideSolutionNode = FALSE
	EndGlobalSection
	GlobalSection(NestedProjects) = preSolution
		{3CF9A472-5FBE-4290-B356-D40E772F0FB7} = {ED527009-D8DC-4194-9F96-3D3589D46BDE}
		{4C86C98D-953B-435D-8C2A-5BCBAE1431D3} = {ED527009-D8DC-4194-9F96-3D3589D46BDE}
		{81E13A60-B6FB-408C-B2F3-E72809449445} = {ED527009-D8DC-4194-9F96-3D3589D46BDE}
	EndGlobalSection
	GlobalSection(ExtensibilityGlobals) = postSolution
		SolutionGuid = {0216F888-6D2B-478D-8271-DD994E779CE7}
	EndGlobalSection
EndGlobal
